PODS:
  - Alamofire (5.0.5)
  - Kingfisher (7.2.3)

DEPENDENCIES:
  - Alamofire (~> 5.0.0-rc.2)
  - Kingfisher (~> 7.0)

SPEC REPOS:
  trunk:
    - Alamofire
    - Kingfisher

SPEC CHECKSUMS:
  Alamofire: df2f8f826963b08b9a870791ad48e07a10090b2e
  Kingfisher: 8c2cbe0c11ea4d481542895112682a99e058468e

PODFILE CHECKSUM: 96bd1133c4d30e39ea7acbdff0bfbbe81f68f0d1

COCOAPODS: 1.8.4
